
Microsoft Visual Studio Solution File, Format Version 12.00
# Visual Studio 15
VisualStudioVersion = 15.0.28307.572
MinimumVisualStudioVersion = 10.0.40219.1
Project("{9A19103F-16F7-4668-BE54-9A1E7A4F7556}") = "SingleInstancePattern", "SingleInstancePattern\SingleInstancePattern.csproj", "{3E54E660-B0AF-4AB7-B41D-5F6030B2DCAD}"
EndProject
Project("{9A19103F-16F7-4668-BE54-9A1E7A4F7556}") = "StragetyPattern", "StragetyPattern\StragetyPattern.csproj", "{65AFCA51-D9B6-4FC4-ADF3-DD720E378702}"
EndProject
Project("{9A19103F-16F7-4668-BE54-9A1E7A4F7556}") = "ProxyPattern", "ProxyPattern\ProxyPattern.csproj", "{D408408C-E5EF-418E-BED7-E1BDCA1660B7}"
EndProject
Project("{2150E333-8FDC-42A3-9474-1A3956D46DE8}") = "结构型", "结构型", "{61D141AB-E6A2-44D8-9AD7-FE06F1907294}"
EndProject
Project("{2150E333-8FDC-42A3-9474-1A3956D46DE8}") = "创建型", "创建型", "{6FE5D241-79DD-4AA4-956F-EEA5CE9A1ACD}"
EndProject
Project("{2150E333-8FDC-42A3-9474-1A3956D46DE8}") = "行为型", "行为型", "{A805D1B0-4C1B-457D-A80E-EB46BD976570}"
EndProject
Project("{9A19103F-16F7-4668-BE54-9A1E7A4F7556}") = "AdapterPattern", "AdapterPattern\AdapterPattern.csproj", "{C11912BF-B43C-408A-BD12-FA42F1CACED9}"
EndProject
Project("{9A19103F-16F7-4668-BE54-9A1E7A4F7556}") = "ObserverPattern", "ObserverPattern\ObserverPattern.csproj", "{8707BCE1-6A19-4E5E-8601-8EEF8F344BC7}"
EndProject
Project("{9A19103F-16F7-4668-BE54-9A1E7A4F7556}") = "BuilderPattern", "BuilderPattern\BuilderPattern.csproj", "{B0B6C835-1666-4E3A-99A3-87C74D7DCF0A}"
EndProject
Project("{9A19103F-16F7-4668-BE54-9A1E7A4F7556}") = "FactoryMethodPattern", "FactoryMethodPattern\FactoryMethodPattern.csproj", "{3BE8282B-9A5D-4A6D-A989-A55F418E2AE2}"
EndProject
Project("{9A19103F-16F7-4668-BE54-9A1E7A4F7556}") = "AbstractFactoryPattern", "AbstractFactoryPattern\AbstractFactoryPattern.csproj", "{CBC0DE5E-FCEE-4104-B571-266CB829DA4E}"
EndProject
Project("{9A19103F-16F7-4668-BE54-9A1E7A4F7556}") = "IteratorPattern", "IteratorPattern\IteratorPattern.csproj", "{A9212DCD-6C25-4BDD-A3C2-E87E124AF34A}"
EndProject
Project("{9A19103F-16F7-4668-BE54-9A1E7A4F7556}") = "ChainofResponsibilityPattern", "ChainofResponsibilityPattern\ChainofResponsibilityPattern.csproj", "{F39D0BB4-C24F-4009-A62B-4C6F0833A0D5}"
EndProject
Project("{9A19103F-16F7-4668-BE54-9A1E7A4F7556}") = "CompositePattern", "CompositePattern\CompositePattern.csproj", "{DB73B330-832E-4166-A885-FBA4043FD2A1}"
EndProject
Project("{9A19103F-16F7-4668-BE54-9A1E7A4F7556}") = "PrototypePattern", "PrototypePattern\PrototypePattern.csproj", "{D8A21F6A-12D3-461C-9346-1AA194A3E593}"
EndProject
Project("{9A19103F-16F7-4668-BE54-9A1E7A4F7556}") = "MementoPattern", "MementoPattern\MementoPattern.csproj", "{C023046E-D44A-48DD-9DEA-15B4D8559B6E}"
EndProject
Project("{9A19103F-16F7-4668-BE54-9A1E7A4F7556}") = "DecoratorPattern", "DecoratorPattern\DecoratorPattern.csproj", "{E04EECB2-BCA7-41D5-9421-89C917C942DA}"
EndProject
Project("{9A19103F-16F7-4668-BE54-9A1E7A4F7556}") = "MediatorPattern", "MediatorPattern\MediatorPattern.csproj", "{1D8F3988-A95A-48CF-A24F-75797B115F65}"
EndProject
Project("{9A19103F-16F7-4668-BE54-9A1E7A4F7556}") = "FacadePattern", "FacadePattern\FacadePattern.csproj", "{BA8892A3-56F2-45C7-8512-72221429CC5E}"
EndProject
Project("{FAE04EC0-301F-11D3-BF4B-00C04F79EFBC}") = "FlyweightPattern", "FlyweightPattern\FlyweightPattern.csproj", "{9888C143-917A-47A0-8848-32C81F737147}"
EndProject
Project("{FAE04EC0-301F-11D3-BF4B-00C04F79EFBC}") = "BridgePattern", "BridgePattern\BridgePattern.csproj", "{369638DA-AC14-447C-A30C-8E206999A1B0}"
EndProject
Global
	GlobalSection(SolutionConfigurationPlatforms) = preSolution
		Debug|Any CPU = Debug|Any CPU
		Release|Any CPU = Release|Any CPU
	EndGlobalSection
	GlobalSection(ProjectConfigurationPlatforms) = postSolution
		{3E54E660-B0AF-4AB7-B41D-5F6030B2DCAD}.Debug|Any CPU.ActiveCfg = Debug|Any CPU
		{3E54E660-B0AF-4AB7-B41D-5F6030B2DCAD}.Debug|Any CPU.Build.0 = Debug|Any CPU
		{3E54E660-B0AF-4AB7-B41D-5F6030B2DCAD}.Release|Any CPU.ActiveCfg = Release|Any CPU
		{3E54E660-B0AF-4AB7-B41D-5F6030B2DCAD}.Release|Any CPU.Build.0 = Release|Any CPU
		{65AFCA51-D9B6-4FC4-ADF3-DD720E378702}.Debug|Any CPU.ActiveCfg = Debug|Any CPU
		{65AFCA51-D9B6-4FC4-ADF3-DD720E378702}.Debug|Any CPU.Build.0 = Debug|Any CPU
		{65AFCA51-D9B6-4FC4-ADF3-DD720E378702}.Release|Any CPU.ActiveCfg = Release|Any CPU
		{65AFCA51-D9B6-4FC4-ADF3-DD720E378702}.Release|Any CPU.Build.0 = Release|Any CPU
		{D408408C-E5EF-418E-BED7-E1BDCA1660B7}.Debug|Any CPU.ActiveCfg = Debug|Any CPU
		{D408408C-E5EF-418E-BED7-E1BDCA1660B7}.Debug|Any CPU.Build.0 = Debug|Any CPU
		{D408408C-E5EF-418E-BED7-E1BDCA1660B7}.Release|Any CPU.ActiveCfg = Release|Any CPU
		{D408408C-E5EF-418E-BED7-E1BDCA1660B7}.Release|Any CPU.Build.0 = Release|Any CPU
		{C11912BF-B43C-408A-BD12-FA42F1CACED9}.Debug|Any CPU.ActiveCfg = Debug|Any CPU
		{C11912BF-B43C-408A-BD12-FA42F1CACED9}.Debug|Any CPU.Build.0 = Debug|Any CPU
		{C11912BF-B43C-408A-BD12-FA42F1CACED9}.Release|Any CPU.ActiveCfg = Release|Any CPU
		{C11912BF-B43C-408A-BD12-FA42F1CACED9}.Release|Any CPU.Build.0 = Release|Any CPU
		{8707BCE1-6A19-4E5E-8601-8EEF8F344BC7}.Debug|Any CPU.ActiveCfg = Debug|Any CPU
		{8707BCE1-6A19-4E5E-8601-8EEF8F344BC7}.Debug|Any CPU.Build.0 = Debug|Any CPU
		{8707BCE1-6A19-4E5E-8601-8EEF8F344BC7}.Release|Any CPU.ActiveCfg = Release|Any CPU
		{8707BCE1-6A19-4E5E-8601-8EEF8F344BC7}.Release|Any CPU.Build.0 = Release|Any CPU
		{B0B6C835-1666-4E3A-99A3-87C74D7DCF0A}.Debug|Any CPU.ActiveCfg = Debug|Any CPU
		{B0B6C835-1666-4E3A-99A3-87C74D7DCF0A}.Debug|Any CPU.Build.0 = Debug|Any CPU
		{B0B6C835-1666-4E3A-99A3-87C74D7DCF0A}.Release|Any CPU.ActiveCfg = Release|Any CPU
		{B0B6C835-1666-4E3A-99A3-87C74D7DCF0A}.Release|Any CPU.Build.0 = Release|Any CPU
		{3BE8282B-9A5D-4A6D-A989-A55F418E2AE2}.Debug|Any CPU.ActiveCfg = Debug|Any CPU
		{3BE8282B-9A5D-4A6D-A989-A55F418E2AE2}.Debug|Any CPU.Build.0 = Debug|Any CPU
		{3BE8282B-9A5D-4A6D-A989-A55F418E2AE2}.Release|Any CPU.ActiveCfg = Release|Any CPU
		{3BE8282B-9A5D-4A6D-A989-A55F418E2AE2}.Release|Any CPU.Build.0 = Release|Any CPU
		{CBC0DE5E-FCEE-4104-B571-266CB829DA4E}.Debug|Any CPU.ActiveCfg = Debug|Any CPU
		{CBC0DE5E-FCEE-4104-B571-266CB829DA4E}.Debug|Any CPU.Build.0 = Debug|Any CPU
		{CBC0DE5E-FCEE-4104-B571-266CB829DA4E}.Release|Any CPU.ActiveCfg = Release|Any CPU
		{CBC0DE5E-FCEE-4104-B571-266CB829DA4E}.Release|Any CPU.Build.0 = Release|Any CPU
		{A9212DCD-6C25-4BDD-A3C2-E87E124AF34A}.Debug|Any CPU.ActiveCfg = Debug|Any CPU
		{A9212DCD-6C25-4BDD-A3C2-E87E124AF34A}.Debug|Any CPU.Build.0 = Debug|Any CPU
		{A9212DCD-6C25-4BDD-A3C2-E87E124AF34A}.Release|Any CPU.ActiveCfg = Release|Any CPU
		{A9212DCD-6C25-4BDD-A3C2-E87E124AF34A}.Release|Any CPU.Build.0 = Release|Any CPU
		{F39D0BB4-C24F-4009-A62B-4C6F0833A0D5}.Debug|Any CPU.ActiveCfg = Debug|Any CPU
		{F39D0BB4-C24F-4009-A62B-4C6F0833A0D5}.Debug|Any CPU.Build.0 = Debug|Any CPU
		{F39D0BB4-C24F-4009-A62B-4C6F0833A0D5}.Release|Any CPU.ActiveCfg = Release|Any CPU
		{F39D0BB4-C24F-4009-A62B-4C6F0833A0D5}.Release|Any CPU.Build.0 = Release|Any CPU
		{DB73B330-832E-4166-A885-FBA4043FD2A1}.Debug|Any CPU.ActiveCfg = Debug|Any CPU
		{DB73B330-832E-4166-A885-FBA4043FD2A1}.Debug|Any CPU.Build.0 = Debug|Any CPU
		{DB73B330-832E-4166-A885-FBA4043FD2A1}.Release|Any CPU.ActiveCfg = Release|Any CPU
		{DB73B330-832E-4166-A885-FBA4043FD2A1}.Release|Any CPU.Build.0 = Release|Any CPU
		{D8A21F6A-12D3-461C-9346-1AA194A3E593}.Debug|Any CPU.ActiveCfg = Debug|Any CPU
		{D8A21F6A-12D3-461C-9346-1AA194A3E593}.Debug|Any CPU.Build.0 = Debug|Any CPU
		{D8A21F6A-12D3-461C-9346-1AA194A3E593}.Release|Any CPU.ActiveCfg = Release|Any CPU
		{D8A21F6A-12D3-461C-9346-1AA194A3E593}.Release|Any CPU.Build.0 = Release|Any CPU
		{C023046E-D44A-48DD-9DEA-15B4D8559B6E}.Debug|Any CPU.ActiveCfg = Debug|Any CPU
		{C023046E-D44A-48DD-9DEA-15B4D8559B6E}.Debug|Any CPU.Build.0 = Debug|Any CPU
		{C023046E-D44A-48DD-9DEA-15B4D8559B6E}.Release|Any CPU.ActiveCfg = Release|Any CPU
		{C023046E-D44A-48DD-9DEA-15B4D8559B6E}.Release|Any CPU.Build.0 = Release|Any CPU
		{E04EECB2-BCA7-41D5-9421-89C917C942DA}.Debug|Any CPU.ActiveCfg = Debug|Any CPU
		{E04EECB2-BCA7-41D5-9421-89C917C942DA}.Debug|Any CPU.Build.0 = Debug|Any CPU
		{E04EECB2-BCA7-41D5-9421-89C917C942DA}.Release|Any CPU.ActiveCfg = Release|Any CPU
		{E04EECB2-BCA7-41D5-9421-89C917C942DA}.Release|Any CPU.Build.0 = Release|Any CPU
		{1D8F3988-A95A-48CF-A24F-75797B115F65}.Debug|Any CPU.ActiveCfg = Debug|Any CPU
		{1D8F3988-A95A-48CF-A24F-75797B115F65}.Debug|Any CPU.Build.0 = Debug|Any CPU
		{1D8F3988-A95A-48CF-A24F-75797B115F65}.Release|Any CPU.ActiveCfg = Release|Any CPU
		{1D8F3988-A95A-48CF-A24F-75797B115F65}.Release|Any CPU.Build.0 = Release|Any CPU
		{BA8892A3-56F2-45C7-8512-72221429CC5E}.Debug|Any CPU.ActiveCfg = Debug|Any CPU
		{BA8892A3-56F2-45C7-8512-72221429CC5E}.Debug|Any CPU.Build.0 = Debug|Any CPU
		{BA8892A3-56F2-45C7-8512-72221429CC5E}.Release|Any CPU.ActiveCfg = Release|Any CPU
		{BA8892A3-56F2-45C7-8512-72221429CC5E}.Release|Any CPU.Build.0 = Release|Any CPU
		{9888C143-917A-47A0-8848-32C81F737147}.Debug|Any CPU.ActiveCfg = Debug|Any CPU
		{9888C143-917A-47A0-8848-32C81F737147}.Debug|Any CPU.Build.0 = Debug|Any CPU
		{9888C143-917A-47A0-8848-32C81F737147}.Release|Any CPU.ActiveCfg = Release|Any CPU
		{9888C143-917A-47A0-8848-32C81F737147}.Release|Any CPU.Build.0 = Release|Any CPU
		{369638DA-AC14-447C-A30C-8E206999A1B0}.Debug|Any CPU.ActiveCfg = Debug|Any CPU
		{369638DA-AC14-447C-A30C-8E206999A1B0}.Debug|Any CPU.Build.0 = Debug|Any CPU
		{369638DA-AC14-447C-A30C-8E206999A1B0}.Release|Any CPU.ActiveCfg = Release|Any CPU
		{369638DA-AC14-447C-A30C-8E206999A1B0}.Release|Any CPU.Build.0 = Release|Any CPU
	EndGlobalSection
	GlobalSection(SolutionProperties) = preSolution
		HideSolutionNode = FALSE
	EndGlobalSection
	GlobalSection(NestedProjects) = preSolution
		{3E54E660-B0AF-4AB7-B41D-5F6030B2DCAD} = {6FE5D241-79DD-4AA4-956F-EEA5CE9A1ACD}
		{65AFCA51-D9B6-4FC4-ADF3-DD720E378702} = {A805D1B0-4C1B-457D-A80E-EB46BD976570}
		{D408408C-E5EF-418E-BED7-E1BDCA1660B7} = {61D141AB-E6A2-44D8-9AD7-FE06F1907294}
		{C11912BF-B43C-408A-BD12-FA42F1CACED9} = {61D141AB-E6A2-44D8-9AD7-FE06F1907294}
		{8707BCE1-6A19-4E5E-8601-8EEF8F344BC7} = {A805D1B0-4C1B-457D-A80E-EB46BD976570}
		{B0B6C835-1666-4E3A-99A3-87C74D7DCF0A} = {6FE5D241-79DD-4AA4-956F-EEA5CE9A1ACD}
		{3BE8282B-9A5D-4A6D-A989-A55F418E2AE2} = {6FE5D241-79DD-4AA4-956F-EEA5CE9A1ACD}
		{CBC0DE5E-FCEE-4104-B571-266CB829DA4E} = {6FE5D241-79DD-4AA4-956F-EEA5CE9A1ACD}
		{A9212DCD-6C25-4BDD-A3C2-E87E124AF34A} = {A805D1B0-4C1B-457D-A80E-EB46BD976570}
		{F39D0BB4-C24F-4009-A62B-4C6F0833A0D5} = {A805D1B0-4C1B-457D-A80E-EB46BD976570}
		{DB73B330-832E-4166-A885-FBA4043FD2A1} = {61D141AB-E6A2-44D8-9AD7-FE06F1907294}
		{D8A21F6A-12D3-461C-9346-1AA194A3E593} = {6FE5D241-79DD-4AA4-956F-EEA5CE9A1ACD}
		{C023046E-D44A-48DD-9DEA-15B4D8559B6E} = {A805D1B0-4C1B-457D-A80E-EB46BD976570}
		{E04EECB2-BCA7-41D5-9421-89C917C942DA} = {61D141AB-E6A2-44D8-9AD7-FE06F1907294}
		{1D8F3988-A95A-48CF-A24F-75797B115F65} = {A805D1B0-4C1B-457D-A80E-EB46BD976570}
		{BA8892A3-56F2-45C7-8512-72221429CC5E} = {61D141AB-E6A2-44D8-9AD7-FE06F1907294}
		{9888C143-917A-47A0-8848-32C81F737147} = {61D141AB-E6A2-44D8-9AD7-FE06F1907294}
		{369638DA-AC14-447C-A30C-8E206999A1B0} = {61D141AB-E6A2-44D8-9AD7-FE06F1907294}
	EndGlobalSection
	GlobalSection(ExtensibilityGlobals) = postSolution
		SolutionGuid = {A11F19D7-8A99-4114-8350-B3B96F453F94}
	EndGlobalSection
EndGlobal
